
Microsoft Visual Studio Solution File, Format Version 12.00
# Visual Studio Version 17
VisualStudioVersion = 17.11.35327.3
MinimumVisualStudioVersion = 10.0.40219.1
Project("{FAE04EC0-301F-11D3-BF4B-00C04F79EFBC}") = "CCAD16_Assignment1_3_3", "CCAD16_Assignment1_3_3.csproj", "{1052A97B-1A4A-4746-9D8E-7B3A52A9476C}"
EndProject
Global
	GlobalSection(SolutionConfigurationPlatforms) = preSolution
		Debug|Any CPU = Debug|Any CPU
		Release|Any CPU = Release|Any CPU
	EndGlobalSection
	GlobalSection(ProjectConfigurationPlatforms) = postSolution
		{1052A97B-1A4A-4746-9D8E-7B3A52A9476C}.Debug|Any CPU.ActiveCfg = Debug|Any CPU
		{1052A97B-1A4A-4746-9D8E-7B3A52A9476C}.Debug|Any CPU.Build.0 = Debug|Any CPU
		{1052A97B-1A4A-4746-9D8E-7B3A52A9476C}.Release|Any CPU.ActiveCfg = Release|Any CPU
		{1052A97B-1A4A-4746-9D8E-7B3A52A9476C}.Release|Any CPU.Build.0 = Release|Any CPU
	EndGlobalSection
	GlobalSection(SolutionProperties) = preSolution
		HideSolutionNode = FALSE
	EndGlobalSection
	GlobalSection(ExtensibilityGlobals) = postSolution
		SolutionGuid = {8D717E05-DF9F-41CF-A7BD-5CC5754E87C0}
	EndGlobalSection
EndGlobal
